github.com/codegangsta/inject v0.0.0-20150114235600-33e0aa1cb7c0 h1:sDMmm+q/3+BukdIpxwO365v/Rbspp2Nt5XntgQRXq8Q=
github.com/codegangsta/inject v0.0.0-20150114235600-33e0aa1cb7c0/go.mod h1:4Zcjuz89kmFXt9morQgcfYZAYZ5n8WHjt81YYWIwtTM=
github.com/dgrijalva/jwt-go v3.2.0+incompatible/go.mod h1:E3ru+11k8xSBh+hMPgOLZmtrrCbhqsmaPHjLKYnJCaQ=
github.com/gorilla/mux v1.7.3 h1:gnP5JzjVOuiZD07fKKToCAOjS0yOpj/qPETTXCCS6hw=
github.com/gorilla/mux v1.7.3/go.mod h1:1lud6UwP+6orDFRuTfBEV8e9/aOM/c4fVVCaMa2zaAs=
github.com/jackc/pgx v3.6.0+incompatible h1:bJeo4JdVbDAW8KB2m8XkFeo8CPipREoG37BwEoKGz+Q=
github.com/jackc/pgx v3.6.0+incompatible/go.mod h1:0ZGrqGqkRlliWnWB4zKnWtjbSWbGkVEFm4TeybAXq+I=
github.com/pkg/errors v0.8.1 h1:iURUrRGxPUNPdy5/HRSm+Yj6okJ6UtLINN0Q9M4+h3I=
github.com/pkg/errors v0.8.1/go.mod h1:bwawxfHBFNV+L2hUp1rHADufV3IMtnDRdf1r5NINEl0=
github.com/tiny-go/codec v1.0.0 h1:GzOtsN6BLXAmbmlwoJ0wHSBxQAAupxYk0UAZPvEArrM=
github.com/tiny-go/codec v1.0.0/go.mod h1:9bR0GUsR+ecErWI+jiR3WZuK7SVvzvrFCcpE4s35gDM=
github.com/tiny-go/config v1.0.0 h1:wpG60fiqpkpQB/Wl1c5ZRku5rgaJq9kvciIYbaBbL/w=
github.com/tiny-go/config v1.0.0/go.mod h1:asp7D7GlpL1qD0Q0nk2F6zjT6ZjUYEaGhcllLaJDgLE=
github.com/tiny-go/errors v1.0.0 h1:Q8YNDpx1q2bUTO4N+fO23ODpfAOX8N1khVNi8lLQ0wc=
github.com/tiny-go/errors v1.0.0/go.mod h1:E8szF6M3T87HueDR8kveQ+aWUhYHBZ1QmSX80lu+fR4=
github.com/tiny-go/lite v0.0.0-20191215125739-b3804c800e7c h1:BmkfFz0I4SRf3jhfpzfnWAwS8etutG03a6D3Ukt4LWg=
github.com/tiny-go/lite v0.0.0-20191215125739-b3804c800e7c/go.mod h1:QRgWoQXmokqtuvnPqwtJ6N4EccBQqVw45+o4/t04+uY=
github.com/tiny-go/lite v1.0.0 h1:gzcotr7yfiDotjjowp297OXiGFxW2VBggeNkvmsmPeQ=
github.com/tiny-go/lite v1.0.0/go.mod h1:QRgWoQXmokqtuvnPqwtJ6N4EccBQqVw45+o4/t04+uY=
github.com/tiny-go/lite v1.0.1 h1:eXK61oz/lt8jEO8mENicykH5gUScNahhAt1gao6Am+Y=
github.com/tiny-go/lite v1.0.1/go.mod h1:hCzMNKyP/TvQte2wnskAulEVFHROBnb1Og/s16SlKYs=
github.com/tiny-go/middleware v1.0.0 h1:1sq+Pk7FOwy7m7DQJKq6kz3PVPPPUp/rK85Oerj7pEk=
github.com/tiny-go/middleware v1.0.0/go.mod h1:X9/S2mm6V2jONrD/anEs8uglB+sRsw/SW1HRPDG1EoE=
github.com/tiny-go/timap v1.0.0 h1:fA3YQfFAPnovp7pkiPZ2YnW5qhyannTw60k2Li2ulu8=
github.com/tiny-go/timap v1.0.0/go.mod h1:gqsUWIiFMPTi/BhTx7Wg/E2m11PcvI8y29Ni5vpe5hE=
golang.org/x/crypto v0.0.0-20190308221718-c2843e01d9a2/go.mod h1:djNgcEr1/C05ACkg1iLfiJU5Ep61QUkGW8qpdssI0+w=
golang.org/x/crypto v0.0.0-20191227163750-53104e6ec876 h1:sKJQZMuxjOAR/Uo2LBfU90onWEf1dF4C+0hPJCc9Mpc=
golang.org/x/crypto v0.0.0-20191227163750-53104e6ec876/go.mod h1:LzIPMQfyMNhhGPhUkYOs5KpL4U8rLKemX1yGLhDgUto=
golang.org/x/net v0.0.0-20190404232315-eb5bcb51f2a3/go.mod h1:t9HGtf8HONx5eT2rtn7q6eTqICYqUVnKs3thJo3Qplg=
golang.org/x/sys v0.0.0-20190215142949-d0b11bdaac8a/go.mod h1:STP8DvDyc/dI5b8T5hshtkjS+E42TnysNCUPdjciGhY=
golang.org/x/sys v0.0.0-20190412213103-97732733099d/go.mod h1:h1NjWce9XRLGQEsW7wpKNCjG9DtNlClVuFLEZdDNbEs=
golang.org/x/text v0.3.0/go.mod h1:NqM8EUOU14njkJ3fqMW+pc6Ldnwhi/IjpwHt7yyuwOQ=
golang.org/x/text v0.3.2 h1:tW2bmiBqwgJj/UpqtC8EpXEZVYOwU0yG4iWbprSVAcs=
golang.org/x/text v0.3.2/go.mod h1:bEr9sfX3Q8Zfm5fL9x+3itogRgK3+ptLWKqgva+5dAk=
golang.org/x/tools v0.0.0-20180917221912-90fa682c2a6e/go.mod h1:n7NCudcB/nEzxVGmLbDWY5pfWTLqBcC2KZ6jyYvM4mQ=
